
Microsoft Visual Studio Solution File, Format Version 12.00
# Visual Studio Version 17
VisualStudioVersion = 17.10.34916.146
MinimumVisualStudioVersion = 10.0.40219.1
Project("{FAE04EC0-301F-11D3-BF4B-00C04F79EFBC}") = "Llama", "Llama\Llama.csproj", "{7D772903-0B9F-4E95-96E5-79B960D961F2}"
EndProject
Global
	GlobalSection(SolutionConfigurationPlatforms) = preSolution
		Debug|Any CPU = Debug|Any CPU
		Release|Any CPU = Release|Any CPU
	EndGlobalSection
	GlobalSection(ProjectConfigurationPlatforms) = postSolution
		{7D772903-0B9F-4E95-96E5-79B960D961F2}.Debug|Any CPU.ActiveCfg = Debug|Any CPU
		{7D772903-0B9F-4E95-96E5-79B960D961F2}.Debug|Any CPU.Build.0 = Debug|Any CPU
		{7D772903-0B9F-4E95-96E5-79B960D961F2}.Release|Any CPU.ActiveCfg = Release|Any CPU
		{7D772903-0B9F-4E95-96E5-79B960D961F2}.Release|Any CPU.Build.0 = Release|Any CPU
	EndGlobalSection
	GlobalSection(SolutionProperties) = preSolution
		HideSolutionNode = FALSE
	EndGlobalSection
	GlobalSection(ExtensibilityGlobals) = postSolution
		SolutionGuid = {66297641-0418-410C-AE8A-7477DB59F9B8}
	EndGlobalSection
EndGlobal
